<?xml version="1.0" encoding="utf-8"?>
<Project ToolsVersion="16.0" xmlns="http://schemas.microsoft.com/developer/msbuild/2003">
  <ItemGroup>
    <ClCompile Include="C:\WORK_IN_PROGRESS\C\directX\SirEngineThe3rd\ResourceCompiler\main.cpp">
      <Filter>Source Files</Filter>
    </ClCompile>
  </ItemGroup>
  <ItemGroup>
    <CustomBuild Include="C:\WORK_IN_PROGRESS\C\directX\SirEngineThe3rd\ResourceCompiler\CMakeLists.txt" />
  </ItemGroup>
  <ItemGroup>
    <Filter Include="Source Files">
      <UniqueIdentifier>{6E186CAE-7640-3903-BCEB-AF1A8D9B14C8}</UniqueIdentifier>
    </Filter>
  </ItemGroup>
</Project>
