<?xml version="1.0" encoding="utf-8"?>
<Project ToolsVersion="16.0" xmlns="http://schemas.microsoft.com/developer/msbuild/2003">
  <ItemGroup>
    <CustomBuild Include="C:\WORK_IN_PROGRESS\C\directX\SirEngineThe3rd\ResourceCompiler\mayaExporters\CMakeFiles\f241284b09a13071d025e26320b218dd\generate.stamp.rule">
      <Filter>CMake Rules</Filter>
    </CustomBuild>
  </ItemGroup>
  <ItemGroup>
    <Filter Include="CMake Rules">
      <UniqueIdentifier>{F5AA535B-AEC4-3D7B-B175-F0A7A64B9B65}</UniqueIdentifier>
    </Filter>
  </ItemGroup>
</Project>
